Microsoft Visual Studio Solution File, Format Version 12.00
# Visual Studio Version 17
VisualStudioVersion = 17.5.2.0
MinimumVisualStudioVersion = 10.0.40219.1
Project("{FAE04EC0-301F-11D3-BF4B-00C04F79EFBC}") = "BestTAsController", "BestTAsController.csproj", "{A19CDC70-499B-DC49-2D08-20220C6C872A}"
EndProject
Global
	GlobalSection(SolutionConfigurationPlatforms) = preSolution
		Debug|Any CPU = Debug|Any CPU
		Release|Any CPU = Release|Any CPU
	EndGlobalSection
	GlobalSection(ProjectConfigurationPlatforms) = postSolution
		{A19CDC70-499B-DC49-2D08-20220C6C872A}.Debug|Any CPU.ActiveCfg = Debug|Any CPU
		{A19CDC70-499B-DC49-2D08-20220C6C872A}.Debug|Any CPU.Build.0 = Debug|Any CPU
		{A19CDC70-499B-DC49-2D08-20220C6C872A}.Release|Any CPU.ActiveCfg = Release|Any CPU
		{A19CDC70-499B-DC49-2D08-20220C6C872A}.Release|Any CPU.Build.0 = Release|Any CPU
	EndGlobalSection
	GlobalSection(SolutionProperties) = preSolution
		HideSolutionNode = FALSE
	EndGlobalSection
	GlobalSection(ExtensibilityGlobals) = postSolution
		SolutionGuid = {878883CD-DF9F-4E3E-B34D-F8919EF2E1F3}
	EndGlobalSection
EndGlobal
